
Microsoft Visual Studio Solution File, Format Version 12.00
# Visual Studio Version 16
VisualStudioVersion = 16.0.31624.102
MinimumVisualStudioVersion = 10.0.40219.1
Project("{FAE04EC0-301F-11D3-BF4B-00C04F79EFBC}") = "Lista zakupów", "Lista zakupów\Lista zakupów.csproj", "{F52748C4-E247-4C7C-B18F-DF2D9E0F230C}"
EndProject
Global
	GlobalSection(SolutionConfigurationPlatforms) = preSolution
		Debug|Any CPU = Debug|Any CPU
		Release|Any CPU = Release|Any CPU
	EndGlobalSection
	GlobalSection(ProjectConfigurationPlatforms) = postSolution
		{F52748C4-E247-4C7C-B18F-DF2D9E0F230C}.Debug|Any CPU.ActiveCfg = Debug|Any CPU
		{F52748C4-E247-4C7C-B18F-DF2D9E0F230C}.Debug|Any CPU.Build.0 = Debug|Any CPU
		{F52748C4-E247-4C7C-B18F-DF2D9E0F230C}.Release|Any CPU.ActiveCfg = Release|Any CPU
		{F52748C4-E247-4C7C-B18F-DF2D9E0F230C}.Release|Any CPU.Build.0 = Release|Any CPU
	EndGlobalSection
	GlobalSection(SolutionProperties) = preSolution
		HideSolutionNode = FALSE
	EndGlobalSection
	GlobalSection(ExtensibilityGlobals) = postSolution
		SolutionGuid = {13A20AD8-618C-476B-B354-341A646C0EE4}
	EndGlobalSection
EndGlobal
